github.com/davecgh/go-spew v1.1.0/go.mod h1:J7Y8YcW2NihsgmVo/mv3lAwl/skON4iLHjSsI+c5H38=
github.com/davecgh/go-spew v1.1.1 h1:vj9j/u1bqnvCEfJOwUhtlOARqs3+rkHYY13jYWTU97c=
github.com/davecgh/go-spew v1.1.1/go.mod h1:J7Y8YcW2NihsgmVo/mv3lAwl/skON4iLHjSsI+c5H38=
github.com/domonda/go-pretty v0.0.0-20210202131827-b4ff5dbd12fd h1:OGFdhMFO54EShn6noeylOpXu3J2ZEt1K05qlsgpR9L0=
github.com/domonda/go-pretty v0.0.0-20210202131827-b4ff5dbd12fd/go.mod h1:zUVOQL+81aMK+Ye3kS7eDsk/aWnteWRSJ5fZWHdBWjc=
github.com/domonda/go-types v0.0.0-20210915112857-4949b80d597b h1:LjMy+sBIMnsyv+HzU9tcI7/hRHrX5APdJRmVQapO8dc=
github.com/domonda/go-types v0.0.0-20210915112857-4949b80d597b/go.mod h1:T/Sp+RXj32ZbQpKaWZYTrD2n4nfkN1rVDOc51n7ELCo=
github.com/go-sql-driver/mysql v1.6.0 h1:BCTh4TKNUYmOmMUcQ3IipzF5prigylS7XXjEkfCHuOE=
github.com/go-sql-driver/mysql v1.6.0/go.mod h1:DCzpHaOWr8IXmIStZouvnhqoel9Qv2LBy8hT2VhHyBg=
github.com/guregu/null v4.0.0+incompatible h1:4zw0ckM7ECd6FNNddc3Fu4aty9nTlpkkzH7dPn4/4Gw=
github.com/guregu/null v4.0.0+incompatible/go.mod h1:ePGpQaN9cw0tj45IR5E5ehMvsFlLlQZAkkOXZurJ3NM=
github.com/jinzhu/now v1.1.2 h1:eVKgfIdy9b6zbWBMgFpfDPoAMifwSZagU9HmEU6zgiI=
github.com/jinzhu/now v1.1.2/go.mod h1:d3SSVoowX0Lcu0IBviAWJpolVfI5UJVZZ7cO71lE/z8=
github.com/lib/pq v1.10.2/go.mod h1:AlVN5x4E4T544tWzH6hKfbfQvm3HdbOxrmggDNAPY9o=
github.com/lib/pq v1.10.3 h1:v9QZf2Sn6AmjXtQeFpdoq/eaNtYP6IN+7lcrygsIAtg=
github.com/lib/pq v1.10.3/go.mod h1:AlVN5x4E4T544tWzH6hKfbfQvm3HdbOxrmggDNAPY9o=
github.com/pmezard/go-difflib v1.0.0 h1:4DBwDE0NGyQoBHbLQYPwSUPoCMWR5BEzIk/f1lZbAQM=
github.com/pmezard/go-difflib v1.0.0/go.mod h1:iKH77koFhYxTK1pcRnkKkqfTogsbg7gZNVY4sRDYZ/4=
github.com/segmentio/go-env v1.1.0/go.mod h1:pEKO2ieHe8zF098OMaAHw21SajMuONlnI/vJNB3pB7I=
github.com/stretchr/objx v0.1.0/go.mod h1:HFkY916IF+rwdDfMAkV7OtwuqBVzrE8GR6GFx+wExME=
github.com/stretchr/testify v1.7.0 h1:nwc3DEeHmmLAfoZucVR881uASk0Mfjw8xYJ99tb5CcY=
github.com/stretchr/testify v1.7.0/go.mod h1:6Fq8oRcR53rry900zMqJjRRixrwX3KX962/h/Wwjteg=
github.com/tj/go-dropbox v0.0.0-20171107035848-42dd2be3662d/go.mod h1:+zP9ykDCb5wHDCWHCuLZ2YhDAiy42yV+HAmI2BIocBI=
github.com/ungerik/go-dry v0.0.0-20210209114055-a3e162a9e62e/go.mod h1:g61b/Pvp64yQ4oYVbcdA7qqzn1RcQIHZQuhWOVG1VHk=
github.com/ungerik/go-fs v0.0.0-20210610150523-5dc2f3dd4d0a/go.mod h1:HlNZ9M8KcqiejmwpZ+jEJP+oTGBcHo+Qr5HcZN40vGE=
github.com/ungerik/go-reflection v0.0.0-20210817083039-1053f336f275 h1:rEbq/uvM8JFbaowSf0Wo7L7hXMA1gCFs4mwapK9KAiQ=
github.com/ungerik/go-reflection v0.0.0-20210817083039-1053f336f275/go.mod h1:6Hnd2/4g3Tpt6TjvxHx8wXOZziwApVxRdIGkr7vNpXs=
golang.org/x/text v0.3.7/go.mod h1:u+2+/6zg+i71rQMx5EYifcz6MCKuco9NR6JIITiCfzQ=
golang.org/x/tools v0.0.0-20180917221912-90fa682c2a6e/go.mod h1:n7NCudcB/nEzxVGmLbDWY5pfWTLqBcC2KZ6jyYvM4mQ=
gopkg.in/check.v1 v0.0.0-20161208181325-20d25e280405 h1:yhCVgyC4o1eVCa2tZl7eS0r+SDo693bJlVdllGtEeKM=
gopkg.in/check.v1 v0.0.0-20161208181325-20d25e280405/go.mod h1:Co6ibVJAznAaIkqp8huTwlJQCZ016jof/cbN4VW5Yz0=
gopkg.in/yaml.v3 v3.0.0-20200313102051-9f266ea9e77c/go.mod h1:K4uyk7z7BCEPqu6E+C64Yfv1cQ7kz7rIZviUmN+EgEM=
gopkg.in/yaml.v3 v3.0.0-20210107192922-496545a6307b h1:h8qDotaEPuJATrMmW04NCwg7v22aHH28wwpauUhK9Oo=
gopkg.in/yaml.v3 v3.0.0-20210107192922-496545a6307b/go.mod h1:K4uyk7z7BCEPqu6E+C64Yfv1cQ7kz7rIZviUmN+EgEM=
